// !$*UTF8*$!
{
	archiveVersion = 1;
	classes = {
	};
	objectVersion = 56;
	objects = {

/* Begin PBXBuildFile section */
		5B26C07C2B7CE8BC0051908A /* GraphService.swift in Sources */ = {isa = PBXBuildFile; fileRef = 5B26C07B2B7CE8BC0051908A /* GraphService.swift */; };
		5B26C07E2B7CE9130051908A /* GraphConstructor.swift in Sources */ = {isa = PBXBuildFile; fileRef = 5B26C07D2B7CE9130051908A /* GraphConstructor.swift */; };
		5B26C0802B7CF89D0051908A /* undergroundLines.swift in Sources */ = {isa = PBXBuildFile; fileRef = 5B26C07F2B7CF89D0051908A /* undergroundLines.swift */; };
		5B3E38302B3DE8BA00FD164F /* TimeHelper.swift in Sources */ = {isa = PBXBuildFile; fileRef = 5B3E382F2B3DE8BA00FD164F /* TimeHelper.swift */; };
		5B3E38322B3DEE6200FD164F /* DataService.swift in Sources */ = {isa = PBXBuildFile; fileRef = 5B3E38312B3DEE6200FD164F /* DataService.swift */; };
		5B3E383E2B43003800FD164F /* TubeLine.swift in Sources */ = {isa = PBXBuildFile; fileRef = 5B3E383D2B43003800FD164F /* TubeLine.swift */; };
		5B3E38402B43007C00FD164F /* TubeLineData.swift in Sources */ = {isa = PBXBuildFile; fileRef = 5B3E383F2B43007C00FD164F /* TubeLineData.swift */; };
		5B3E38422B4300BF00FD164F /* LineStatus.swift in Sources */ = {isa = PBXBuildFile; fileRef = 5B3E38412B4300BF00FD164F /* LineStatus.swift */; };
		5B3E38442B4300D800FD164F /* Disruption.swift in Sources */ = {isa = PBXBuildFile; fileRef = 5B3E38432B4300D800FD164F /* Disruption.swift */; };
		5B7EDCA32B55346500947DDE /* ColourHelper.swift in Sources */ = {isa = PBXBuildFile; fileRef = 5B7EDCA22B55346500947DDE /* ColourHelper.swift */; };
		5B7EDCA52B5546D300947DDE /* DetailView.swift in Sources */ = {isa = PBXBuildFile; fileRef = 5B7EDCA42B5546D300947DDE /* DetailView.swift */; };
		5B7EDCA72B554B4000947DDE /* PlanView.swift in Sources */ = {isa = PBXBuildFile; fileRef = 5B7EDCA62B554B4000947DDE /* PlanView.swift */; };
		5BA978122B62AB6D00A42542 /* StationNode.swift in Sources */ = {isa = PBXBuildFile; fileRef = 5BA978112B62AB6D00A42542 /* StationNode.swift */; };
		5BCD29822B29A82400BEA1BF /* TimelyApp.swift in Sources */ = {isa = PBXBuildFile; fileRef = 5BCD29812B29A82400BEA1BF /* TimelyApp.swift */; };
		5BCD29842B29A82400BEA1BF /* MenuView.swift in Sources */ = {isa = PBXBuildFile; fileRef = 5BCD29832B29A82400BEA1BF /* MenuView.swift */; };
		5BCD29862B29A82700BEA1BF /* Assets.xcassets in Resources */ = {isa = PBXBuildFile; fileRef = 5BCD29852B29A82700BEA1BF /* Assets.xcassets */; };
		5BCD29892B29A82700BEA1BF /* Preview Assets.xcassets in Resources */ = {isa = PBXBuildFile; fileRef = 5BCD29882B29A82700BEA1BF /* Preview Assets.xcassets */; };
		5BFFD45C2B7AB75F004EED85 /* undergroundStations.swift in Sources */ = {isa = PBXBuildFile; fileRef = 5BFFD45B2B7AB75F004EED85 /* undergroundStations.swift */; };
		5BFFD45F2B7AB8BC004EED85 /* SwiftUIX in Frameworks */ = {isa = PBXBuildFile; productRef = 5BFFD45E2B7AB8BC004EED85 /* SwiftUIX */; };
/* End PBXBuildFile section */

/* Begin PBXFileReference section */
		5B26C07B2B7CE8BC0051908A /* GraphService.swift */ = {isa = PBXFileReference; lastKnownFileType = sourcecode.swift; path = GraphService.swift; sourceTree = "<group>"; };
		5B26C07D2B7CE9130051908A /* GraphConstructor.swift */ = {isa = PBXFileReference; lastKnownFileType = sourcecode.swift; path = GraphConstructor.swift; sourceTree = "<group>"; };
		5B26C07F2B7CF89D0051908A /* undergroundLines.swift */ = {isa = PBXFileReference; lastKnownFileType = sourcecode.swift; path = undergroundLines.swift; sourceTree = "<group>"; };
		5B3E382F2B3DE8BA00FD164F /* TimeHelper.swift */ = {isa = PBXFileReference; lastKnownFileType = sourcecode.swift; path = TimeHelper.swift; sourceTree = "<group>"; };
		5B3E38312B3DEE6200FD164F /* DataService.swift */ = {isa = PBXFileReference; lastKnownFileType = sourcecode.swift; path = DataService.swift; sourceTree = "<group>"; };
		5B3E383D2B43003800FD164F /* TubeLine.swift */ = {isa = PBXFileReference; lastKnownFileType = sourcecode.swift; path = TubeLine.swift; sourceTree = "<group>"; };
		5B3E383F2B43007C00FD164F /* TubeLineData.swift */ = {isa = PBXFileReference; lastKnownFileType = sourcecode.swift; path = TubeLineData.swift; sourceTree = "<group>"; };
		5B3E38412B4300BF00FD164F /* LineStatus.swift */ = {isa = PBXFileReference; lastKnownFileType = sourcecode.swift; path = LineStatus.swift; sourceTree = "<group>"; };
		5B3E38432B4300D800FD164F /* Disruption.swift */ = {isa = PBXFileReference; lastKnownFileType = sourcecode.swift; path = Disruption.swift; sourceTree = "<group>"; };
		5B7EDCA22B55346500947DDE /* ColourHelper.swift */ = {isa = PBXFileReference; lastKnownFileType = sourcecode.swift; path = ColourHelper.swift; sourceTree = "<group>"; };
		5B7EDCA42B5546D300947DDE /* DetailView.swift */ = {isa = PBXFileReference; lastKnownFileType = sourcecode.swift; path = DetailView.swift; sourceTree = "<group>"; };
		5B7EDCA62B554B4000947DDE /* PlanView.swift */ = {isa = PBXFileReference; lastKnownFileType = sourcecode.swift; path = PlanView.swift; sourceTree = "<group>"; };
		5BA978112B62AB6D00A42542 /* StationNode.swift */ = {isa = PBXFileReference; lastKnownFileType = sourcecode.swift; path = StationNode.swift; sourceTree = "<group>"; };
		5BCD297E2B29A82400BEA1BF /* Timely.app */ = {isa = PBXFileReference; explicitFileType = wrapper.application; includeInIndex = 0; path = Timely.app; sourceTree = BUILT_PRODUCTS_DIR; };
		5BCD29812B29A82400BEA1BF /* TimelyApp.swift */ = {isa = PBXFileReference; lastKnownFileType = sourcecode.swift; path = TimelyApp.swift; sourceTree = "<group>"; };
		5BCD29832B29A82400BEA1BF /* MenuView.swift */ = {isa = PBXFileReference; lastKnownFileType = sourcecode.swift; path = MenuView.swift; sourceTree = "<group>"; };
		5BCD29852B29A82700BEA1BF /* Assets.xcassets */ = {isa = PBXFileReference; lastKnownFileType = folder.assetcatalog; path = Assets.xcassets; sourceTree = "<group>"; };
		5BCD29882B29A82700BEA1BF /* Preview Assets.xcassets */ = {isa = PBXFileReference; lastKnownFileType = folder.assetcatalog; path = "Preview Assets.xcassets"; sourceTree = "<group>"; };
		5BFFD45B2B7AB75F004EED85 /* undergroundStations.swift */ = {isa = PBXFileReference; lastKnownFileType = sourcecode.swift; path = undergroundStations.swift; sourceTree = "<group>"; };
/* End PBXFileReference section */

/* Begin PBXFrameworksBuildPhase section */
		5BCD297B2B29A82400BEA1BF /* Frameworks */ = {
			isa = PBXFrameworksBuildPhase;
			buildActionMask = 2147483647;
			files = (
				5BFFD45F2B7AB8BC004EED85 /* SwiftUIX in Frameworks */,
			);
			runOnlyForDeploymentPostprocessing = 0;
		};
/* End PBXFrameworksBuildPhase section */

/* Begin PBXGroup section */
		5B26C0782B7C23130051908A /* StreamJSON */ = {
			isa = PBXGroup;
			children = (
				5B3E383D2B43003800FD164F /* TubeLine.swift */,
				5B3E383F2B43007C00FD164F /* TubeLineData.swift */,
				5B3E38412B4300BF00FD164F /* LineStatus.swift */,
				5B3E38432B4300D800FD164F /* Disruption.swift */,
			);
			path = StreamJSON;
			sourceTree = "<group>";
		};
		5B26C0792B7C23350051908A /* Graph */ = {
			isa = PBXGroup;
			children = (
				5BA978112B62AB6D00A42542 /* StationNode.swift */,
			);
			path = Graph;
			sourceTree = "<group>";
		};
		5B26C07A2B7C238A0051908A /* Misc */ = {
			isa = PBXGroup;
			children = (
			);
			path = Misc;
			sourceTree = "<group>";
		};
		5B3E384B2B43632200FD164F /* Views */ = {
			isa = PBXGroup;
			children = (
				5BCD29832B29A82400BEA1BF /* MenuView.swift */,
				5B7EDCA42B5546D300947DDE /* DetailView.swift */,
				5B7EDCA62B554B4000947DDE /* PlanView.swift */,
			);
			path = Views;
			sourceTree = "<group>";
		};
		5B3E384C2B43634000FD164F /* Structs */ = {
			isa = PBXGroup;
			children = (
				5B26C07A2B7C238A0051908A /* Misc */,
				5B26C0792B7C23350051908A /* Graph */,
				5B26C0782B7C23130051908A /* StreamJSON */,
			);
			path = Structs;
			sourceTree = "<group>";
		};
		5B3E384D2B43636F00FD164F /* Services */ = {
			isa = PBXGroup;
			children = (
				5B3E38312B3DEE6200FD164F /* DataService.swift */,
				5B26C07B2B7CE8BC0051908A /* GraphService.swift */,
			);
			path = Services;
			sourceTree = "<group>";
		};
		5B3E384E2B43637900FD164F /* Helper */ = {
			isa = PBXGroup;
			children = (
				5B3E382F2B3DE8BA00FD164F /* TimeHelper.swift */,
				5B7EDCA22B55346500947DDE /* ColourHelper.swift */,
				5B26C07D2B7CE9130051908A /* GraphConstructor.swift */,
			);
			path = Helper;
			sourceTree = "<group>";
		};
		5BCD29752B29A82400BEA1BF = {
			isa = PBXGroup;
			children = (
				5BCD29802B29A82400BEA1BF /* Timely */,
				5BCD297F2B29A82400BEA1BF /* Products */,
			);
			sourceTree = "<group>";
		};
		5BCD297F2B29A82400BEA1BF /* Products */ = {
			isa = PBXGroup;
			children = (
				5BCD297E2B29A82400BEA1BF /* Timely.app */,
			);
			name = Products;
			sourceTree = "<group>";
		};
		5BCD29802B29A82400BEA1BF /* Timely */ = {
			isa = PBXGroup;
			children = (
				5B3E384E2B43637900FD164F /* Helper */,
				5BFFD45A2B7AB73E004EED85 /* Data */,
				5B3E384D2B43636F00FD164F /* Services */,
				5B3E384C2B43634000FD164F /* Structs */,
				5B3E384B2B43632200FD164F /* Views */,
				5BCD29812B29A82400BEA1BF /* TimelyApp.swift */,
				5BCD29852B29A82700BEA1BF /* Assets.xcassets */,
				5BCD29872B29A82700BEA1BF /* Preview Content */,
			);
			path = Timely;
			sourceTree = "<group>";
		};
		5BCD29872B29A82700BEA1BF /* Preview Content */ = {
			isa = PBXGroup;
			children = (
				5BCD29882B29A82700BEA1BF /* Preview Assets.xcassets */,
			);
			path = "Preview Content";
			sourceTree = "<group>";
		};
		5BFFD45A2B7AB73E004EED85 /* Data */ = {
			isa = PBXGroup;
			children = (
				5BFFD45B2B7AB75F004EED85 /* undergroundStations.swift */,
				5B26C07F2B7CF89D0051908A /* undergroundLines.swift */,
			);
			path = Data;
			sourceTree = "<group>";
		};
/* End PBXGroup section */

/* Begin PBXNativeTarget section */
		5BCD297D2B29A82400BEA1BF /* Timely */ = {
			isa = PBXNativeTarget;
			buildConfigurationList = 5BCD298C2B29A82700BEA1BF /* Build configuration list for PBXNativeTarget "Timely" */;
			buildPhases = (
				5BCD297A2B29A82400BEA1BF /* Sources */,
				5BCD297B2B29A82400BEA1BF /* Frameworks */,
				5BCD297C2B29A82400BEA1BF /* Resources */,
			);
			buildRules = (
			);
			dependencies = (
			);
			name = Timely;
			packageProductDependencies = (
				5BFFD45E2B7AB8BC004EED85 /* SwiftUIX */,
			);
			productName = Timely;
			productReference = 5BCD297E2B29A82400BEA1BF /* Timely.app */;
			productType = "com.apple.product-type.application";
		};
/* End PBXNativeTarget section */

/* Begin PBXProject section */
		5BCD29762B29A82400BEA1BF /* Project object */ = {
			isa = PBXProject;
			attributes = {
				BuildIndependentTargetsInParallel = 1;
				LastSwiftUpdateCheck = 1510;
				LastUpgradeCheck = 1510;
				TargetAttributes = {
					5BCD297D2B29A82400BEA1BF = {
						CreatedOnToolsVersion = 15.1;
					};
				};
			};
			buildConfigurationList = 5BCD29792B29A82400BEA1BF /* Build configuration list for PBXProject "Timely" */;
			compatibilityVersion = "Xcode 14.0";
			developmentRegion = en;
			hasScannedForEncodings = 0;
			knownRegions = (
				en,
				Base,
			);
			mainGroup = 5BCD29752B29A82400BEA1BF;
			packageReferences = (
				5BFFD45D2B7AB8BC004EED85 /* XCRemoteSwiftPackageReference "SwiftUIX" */,
			);
			productRefGroup = 5BCD297F2B29A82400BEA1BF /* Products */;
			projectDirPath = "";
			projectRoot = "";
			targets = (
				5BCD297D2B29A82400BEA1BF /* Timely */,
			);
		};
/* End PBXProject section */

/* Begin PBXResourcesBuildPhase section */
		5BCD297C2B29A82400BEA1BF /* Resources */ = {
			isa = PBXResourcesBuildPhase;
			buildActionMask = 2147483647;
			files = (
				5BCD29892B29A82700BEA1BF /* Preview Assets.xcassets in Resources */,
				5BCD29862B29A82700BEA1BF /* Assets.xcassets in Resources */,
			);
			runOnlyForDeploymentPostprocessing = 0;
		};
/* End PBXResourcesBuildPhase section */

/* Begin PBXSourcesBuildPhase section */
		5BCD297A2B29A82400BEA1BF /* Sources */ = {
			isa = PBXSourcesBuildPhase;
			buildActionMask = 2147483647;
			files = (
				5B3E38442B4300D800FD164F /* Disruption.swift in Sources */,
				5BCD29842B29A82400BEA1BF /* MenuView.swift in Sources */,
				5B3E383E2B43003800FD164F /* TubeLine.swift in Sources */,
				5B26C07E2B7CE9130051908A /* GraphConstructor.swift in Sources */,
				5B3E38422B4300BF00FD164F /* LineStatus.swift in Sources */,
				5B7EDCA52B5546D300947DDE /* DetailView.swift in Sources */,
				5BCD29822B29A82400BEA1BF /* TimelyApp.swift in Sources */,
				5B3E38302B3DE8BA00FD164F /* TimeHelper.swift in Sources */,
				5BA978122B62AB6D00A42542 /* StationNode.swift in Sources */,
				5B26C0802B7CF89D0051908A /* undergroundLines.swift in Sources */,
				5B3E38322B3DEE6200FD164F /* DataService.swift in Sources */,
				5BFFD45C2B7AB75F004EED85 /* undergroundStations.swift in Sources */,
				5B26C07C2B7CE8BC0051908A /* GraphService.swift in Sources */,
				5B3E38402B43007C00FD164F /* TubeLineData.swift in Sources */,
				5B7EDCA32B55346500947DDE /* ColourHelper.swift in Sources */,
				5B7EDCA72B554B4000947DDE /* PlanView.swift in Sources */,
			);
			runOnlyForDeploymentPostprocessing = 0;
		};
/* End PBXSourcesBuildPhase section */

/* Begin XCBuildConfiguration section */
		5BCD298A2B29A82700BEA1BF /* Debug */ = {
			isa = XCBuildConfiguration;
			buildSettings = {
				ALWAYS_SEARCH_USER_PATHS = NO;
				ASSETCATALOG_COMPILER_GENERATE_SWIFT_ASSET_SYMBOL_EXTENSIONS = YES;
				CLANG_ANALYZER_NONNULL = YES;
				CLANG_ANALYZER_NUMBER_OBJECT_CONVERSION = YES_AGGRESSIVE;
				CLANG_CXX_LANGUAGE_STANDARD = "gnu++20";
				CLANG_ENABLE_MODULES = YES;
				CLANG_ENABLE_OBJC_ARC = YES;
				CLANG_ENABLE_OBJC_WEAK = YES;
				CLANG_WARN_BLOCK_CAPTURE_AUTORELEASING = YES;
				CLANG_WARN_BOOL_CONVERSION = YES;
				CLANG_WARN_COMMA = YES;
				CLANG_WARN_CONSTANT_CONVERSION = YES;
				CLANG_WARN_DEPRECATED_OBJC_IMPLEMENTATIONS = YES;
				CLANG_WARN_DIRECT_OBJC_ISA_USAGE = YES_ERROR;
				CLANG_WARN_DOCUMENTATION_COMMENTS = YES;
				CLANG_WARN_EMPTY_BODY = YES;
				CLANG_WARN_ENUM_CONVERSION = YES;
				CLANG_WARN_INFINITE_RECURSION = YES;
				CLANG_WARN_INT_CONVERSION = YES;
				CLANG_WARN_NON_LITERAL_NULL_CONVERSION = YES;
				CLANG_WARN_OBJC_IMPLICIT_RETAIN_SELF = YES;
				CLANG_WARN_OBJC_LITERAL_CONVERSION = YES;
				CLANG_WARN_OBJC_ROOT_CLASS = YES_ERROR;
				CLANG_WARN_QUOTED_INCLUDE_IN_FRAMEWORK_HEADER = YES;
				CLANG_WARN_RANGE_LOOP_ANALYSIS = YES;
				CLANG_WARN_STRICT_PROTOTYPES = YES;
				CLANG_WARN_SUSPICIOUS_MOVE = YES;
				CLANG_WARN_UNGUARDED_AVAILABILITY = YES_AGGRESSIVE;
				CLANG_WARN_UNREACHABLE_CODE = YES;
				CLANG_WARN__DUPLICATE_METHOD_MATCH = YES;
				COPY_PHASE_STRIP = NO;
				DEBUG_INFORMATION_FORMAT = dwarf;
				ENABLE_STRICT_OBJC_MSGSEND = YES;
				ENABLE_TESTABILITY = YES;
				ENABLE_USER_SCRIPT_SANDBOXING = YES;
				GCC_C_LANGUAGE_STANDARD = gnu17;
				GCC_DYNAMIC_NO_PIC = NO;
				GCC_NO_COMMON_BLOCKS = YES;
				GCC_OPTIMIZATION_LEVEL = 0;
				GCC_PREPROCESSOR_DEFINITIONS = (
					"DEBUG=1",
					"$(inherited)",
				);
				GCC_WARN_64_TO_32_BIT_CONVERSION = YES;
				GCC_WARN_ABOUT_RETURN_TYPE = YES_ERROR;
				GCC_WARN_UNDECLARED_SELECTOR = YES;
				GCC_WARN_UNINITIALIZED_AUTOS = YES_AGGRESSIVE;
				GCC_WARN_UNUSED_FUNCTION = YES;
				GCC_WARN_UNUSED_VARIABLE = YES;
				IPHONEOS_DEPLOYMENT_TARGET = 17.2;
				LOCALIZATION_PREFERS_STRING_CATALOGS = YES;
				MTL_ENABLE_DEBUG_INFO = INCLUDE_SOURCE;
				MTL_FAST_MATH = YES;
				ONLY_ACTIVE_ARCH = YES;
				SDKROOT = iphoneos;
				SWIFT_ACTIVE_COMPILATION_CONDITIONS = "DEBUG $(inherited)";
				SWIFT_OPTIMIZATION_LEVEL = "-Onone";
			};
			name = Debug;
		};
		5BCD298B2B29A82700BEA1BF /* Release */ = {
			isa = XCBuildConfiguration;
			buildSettings = {
				ALWAYS_SEARCH_USER_PATHS = NO;
				ASSETCATALOG_COMPILER_GENERATE_SWIFT_ASSET_SYMBOL_EXTENSIONS = YES;
				CLANG_ANALYZER_NONNULL = YES;
				CLANG_ANALYZER_NUMBER_OBJECT_CONVERSION = YES_AGGRESSIVE;
				CLANG_CXX_LANGUAGE_STANDARD = "gnu++20";
				CLANG_ENABLE_MODULES = YES;
				CLANG_ENABLE_OBJC_ARC = YES;
				CLANG_ENABLE_OBJC_WEAK = YES;
				CLANG_WARN_BLOCK_CAPTURE_AUTORELEASING = YES;
				CLANG_WARN_BOOL_CONVERSION = YES;
				CLANG_WARN_COMMA = YES;
				CLANG_WARN_CONSTANT_CONVERSION = YES;
				CLANG_WARN_DEPRECATED_OBJC_IMPLEMENTATIONS = YES;
				CLANG_WARN_DIRECT_OBJC_ISA_USAGE = YES_ERROR;
				CLANG_WARN_DOCUMENTATION_COMMENTS = YES;
				CLANG_WARN_EMPTY_BODY = YES;
				CLANG_WARN_ENUM_CONVERSION = YES;
				CLANG_WARN_INFINITE_RECURSION = YES;
				CLANG_WARN_INT_CONVERSION = YES;
				CLANG_WARN_NON_LITERAL_NULL_CONVERSION = YES;
				CLANG_WARN_OBJC_IMPLICIT_RETAIN_SELF = YES;
				CLANG_WARN_OBJC_LITERAL_CONVERSION = YES;
				CLANG_WARN_OBJC_ROOT_CLASS = YES_ERROR;
				CLANG_WARN_QUOTED_INCLUDE_IN_FRAMEWORK_HEADER = YES;
				CLANG_WARN_RANGE_LOOP_ANALYSIS = YES;
				CLANG_WARN_STRICT_PROTOTYPES = YES;
				CLANG_WARN_SUSPICIOUS_MOVE = YES;
				CLANG_WARN_UNGUARDED_AVAILABILITY = YES_AGGRESSIVE;
				CLANG_WARN_UNREACHABLE_CODE = YES;
				CLANG_WARN__DUPLICATE_METHOD_MATCH = YES;
				COPY_PHASE_STRIP = NO;
				DEBUG_INFORMATION_FORMAT = "dwarf-with-dsym";
				ENABLE_NS_ASSERTIONS = NO;
				ENABLE_STRICT_OBJC_MSGSEND = YES;
				ENABLE_USER_SCRIPT_SANDBOXING = YES;
				GCC_C_LANGUAGE_STANDARD = gnu17;
				GCC_NO_COMMON_BLOCKS = YES;
				GCC_WARN_64_TO_32_BIT_CONVERSION = YES;
				GCC_WARN_ABOUT_RETURN_TYPE = YES_ERROR;
				GCC_WARN_UNDECLARED_SELECTOR = YES;
				GCC_WARN_UNINITIALIZED_AUTOS = YES_AGGRESSIVE;
				GCC_WARN_UNUSED_FUNCTION = YES;
				GCC_WARN_UNUSED_VARIABLE = YES;
				IPHONEOS_DEPLOYMENT_TARGET = 17.2;
				LOCALIZATION_PREFERS_STRING_CATALOGS = YES;
				MTL_ENABLE_DEBUG_INFO = NO;
				MTL_FAST_MATH = YES;
				SDKROOT = iphoneos;
				SWIFT_COMPILATION_MODE = wholemodule;
				VALIDATE_PRODUCT = YES;
			};
			name = Release;
		};
		5BCD298D2B29A82700BEA1BF /* Debug */ = {
			isa = XCBuildConfiguration;
			buildSettings = {
				ASSETCATALOG_COMPILER_APPICON_NAME = AppIcon;
				ASSETCATALOG_COMPILER_GLOBAL_ACCENT_COLOR_NAME = AccentColor;
				CODE_SIGN_STYLE = Automatic;
				CURRENT_PROJECT_VERSION = 1;
				DEVELOPMENT_ASSET_PATHS = "\"Timely/Preview Content\"";
				DEVELOPMENT_TEAM = E5469RCMSH;
				ENABLE_PREVIEWS = YES;
				GENERATE_INFOPLIST_FILE = YES;
				INFOPLIST_KEY_LSApplicationCategoryType = "public.app-category.navigation";
				INFOPLIST_KEY_UIApplicationSceneManifest_Generation = YES;
				INFOPLIST_KEY_UIApplicationSupportsIndirectInputEvents = YES;
				INFOPLIST_KEY_UILaunchScreen_Generation = YES;
				INFOPLIST_KEY_UISupportedInterfaceOrientations_iPad = "UIInterfaceOrientationPortrait UIInterfaceOrientationPortraitUpsideDown UIInterfaceOrientationLandscapeLeft UIInterfaceOrientationLandscapeRight";
				INFOPLIST_KEY_UISupportedInterfaceOrientations_iPhone = "UIInterfaceOrientationPortrait UIInterfaceOrientationLandscapeLeft UIInterfaceOrientationLandscapeRight";
				IPHONEOS_DEPLOYMENT_TARGET = 16.0;
				LD_RUNPATH_SEARCH_PATHS = (
					"$(inherited)",
					"@executable_path/Frameworks",
				);
				MARKETING_VERSION = 1.0;
				PRODUCT_BUNDLE_IDENTIFIER = io.rapdevr.Timely;
				PRODUCT_NAME = "$(TARGET_NAME)";
				SWIFT_EMIT_LOC_STRINGS = YES;
				SWIFT_VERSION = 5.0;
				TARGETED_DEVICE_FAMILY = "1,2";
			};
			name = Debug;
		};
		5BCD298E2B29A82700BEA1BF /* Release */ = {
			isa = XCBuildConfiguration;
			buildSettings = {
				ASSETCATALOG_COMPILER_APPICON_NAME = AppIcon;
				ASSETCATALOG_COMPILER_GLOBAL_ACCENT_COLOR_NAME = AccentColor;
				CODE_SIGN_STYLE = Automatic;
				CURRENT_PROJECT_VERSION = 1;
				DEVELOPMENT_ASSET_PATHS = "\"Timely/Preview Content\"";
				DEVELOPMENT_TEAM = E5469RCMSH;
				ENABLE_PREVIEWS = YES;
				GENERATE_INFOPLIST_FILE = YES;
				INFOPLIST_KEY_LSApplicationCategoryType = "public.app-category.navigation";
				INFOPLIST_KEY_UIApplicationSceneManifest_Generation = YES;
				INFOPLIST_KEY_UIApplicationSupportsIndirectInputEvents = YES;
				INFOPLIST_KEY_UILaunchScreen_Generation = YES;
				INFOPLIST_KEY_UISupportedInterfaceOrientations_iPad = "UIInterfaceOrientationPortrait UIInterfaceOrientationPortraitUpsideDown UIInterfaceOrientationLandscapeLeft UIInterfaceOrientationLandscapeRight";
				INFOPLIST_KEY_UISupportedInterfaceOrientations_iPhone = "UIInterfaceOrientationPortrait UIInterfaceOrientationLandscapeLeft UIInterfaceOrientationLandscapeRight";
				IPHONEOS_DEPLOYMENT_TARGET = 16.0;
				LD_RUNPATH_SEARCH_PATHS = (
					"$(inherited)",
					"@executable_path/Frameworks",
				);
				MARKETING_VERSION = 1.0;
				PRODUCT_BUNDLE_IDENTIFIER = io.rapdevr.Timely;
				PRODUCT_NAME = "$(TARGET_NAME)";
				SWIFT_EMIT_LOC_STRINGS = YES;
				SWIFT_VERSION = 5.0;
				TARGETED_DEVICE_FAMILY = "1,2";
			};
			name = Release;
		};
/* End XCBuildConfiguration section */

/* Begin XCConfigurationList section */
		5BCD29792B29A82400BEA1BF /* Build configuration list for PBXProject "Timely" */ = {
			isa = XCConfigurationList;
			buildConfigurations = (
				5BCD298A2B29A82700BEA1BF /* Debug */,
				5BCD298B2B29A82700BEA1BF /* Release */,
			);
			defaultConfigurationIsVisible = 0;
			defaultConfigurationName = Release;
		};
		5BCD298C2B29A82700BEA1BF /* Build configuration list for PBXNativeTarget "Timely" */ = {
			isa = XCConfigurationList;
			buildConfigurations = (
				5BCD298D2B29A82700BEA1BF /* Debug */,
				5BCD298E2B29A82700BEA1BF /* Release */,
			);
			defaultConfigurationIsVisible = 0;
			defaultConfigurationName = Release;
		};
/* End XCConfigurationList section */

/* Begin XCRemoteSwiftPackageReference section */
		5BFFD45D2B7AB8BC004EED85 /* XCRemoteSwiftPackageReference "SwiftUIX" */ = {
			isa = XCRemoteSwiftPackageReference;
			repositoryURL = "https://github.com/SwiftUIX/SwiftUIX";
			requirement = {
				kind = upToNextMajorVersion;
				minimumVersion = 0.1.9;
			};
		};
/* End XCRemoteSwiftPackageReference section */

/* Begin XCSwiftPackageProductDependency section */
		5BFFD45E2B7AB8BC004EED85 /* SwiftUIX */ = {
			isa = XCSwiftPackageProductDependency;
			package = 5BFFD45D2B7AB8BC004EED85 /* XCRemoteSwiftPackageReference "SwiftUIX" */;
			productName = SwiftUIX;
		};
/* End XCSwiftPackageProductDependency section */
	};
	rootObject = 5BCD29762B29A82400BEA1BF /* Project object */;
}
